// !$*UTF8*$!
{
	archiveVersion = 1;
	classes = {
	};
	objectVersion = 50;
	objects = {

/* Begin PBXBuildFile section */
		1D5B9160267123770022C7DE /* SwiftUIPracticeApp.swift in Sources */ = {isa = PBXBuildFile; fileRef = 1D5B915F267123770022C7DE /* SwiftUIPracticeApp.swift */; };
		1D5B9162267123770022C7DE /* ContentView.swift in Sources */ = {isa = PBXBuildFile; fileRef = 1D5B9161267123770022C7DE /* ContentView.swift */; };
		1D5B91642671237A0022C7DE /* Assets.xcassets in Resources */ = {isa = PBXBuildFile; fileRef = 1D5B91632671237A0022C7DE /* Assets.xcassets */; };
		1D5B91672671237A0022C7DE /* Preview Assets.xcassets in Resources */ = {isa = PBXBuildFile; fileRef = 1D5B91662671237A0022C7DE /* Preview Assets.xcassets */; };
		1D5B91722671237B0022C7DE /* SwiftUIPracticeTests.swift in Sources */ = {isa = PBXBuildFile; fileRef = 1D5B91712671237B0022C7DE /* SwiftUIPracticeTests.swift */; };
		1D5B917D2671237B0022C7DE /* SwiftUIPracticeUITests.swift in Sources */ = {isa = PBXBuildFile; fileRef = 1D5B917C2671237B0022C7DE /* SwiftUIPracticeUITests.swift */; };
		1D5B918E2671DA2A0022C7DE /* UserListViewModel.swift in Sources */ = {isa = PBXBuildFile; fileRef = 1D5B918D2671DA2A0022C7DE /* UserListViewModel.swift */; };
		1D5B91972672FB5D0022C7DE /* UserListItemView.swift in Sources */ = {isa = PBXBuildFile; fileRef = 1D5B91962672FB5D0022C7DE /* UserListItemView.swift */; };
		1D5B919B267303650022C7DE /* UserDetailView.swift in Sources */ = {isa = PBXBuildFile; fileRef = 1D5B919A267303650022C7DE /* UserDetailView.swift */; };
		1D5B919E2673072F0022C7DE /* Users.xcdatamodeld in Sources */ = {isa = PBXBuildFile; fileRef = 1D5B919C2673072F0022C7DE /* Users.xcdatamodeld */; };
		1D5B91A1267327670022C7DE /* PersistenceController.swift in Sources */ = {isa = PBXBuildFile; fileRef = 1D5B91A0267327670022C7DE /* PersistenceController.swift */; };
		1D5B91A7267335DC0022C7DE /* EntryFormView.swift in Sources */ = {isa = PBXBuildFile; fileRef = 1D5B91A6267335DC0022C7DE /* EntryFormView.swift */; };
		1D5B91A9267343990022C7DE /* UserEntity+Additions.swift in Sources */ = {isa = PBXBuildFile; fileRef = 1D5B91A8267343990022C7DE /* UserEntity+Additions.swift */; };
		1D5B91AB267345580022C7DE /* UserListViewModelTests.swift in Sources */ = {isa = PBXBuildFile; fileRef = 1D5B91AA267345570022C7DE /* UserListViewModelTests.swift */; };
/* End PBXBuildFile section */

/* Begin PBXContainerItemProxy section */
		1D5B916E2671237B0022C7DE /* PBXContainerItemProxy */ = {
			isa = PBXContainerItemProxy;
			containerPortal = 1D5B9154267123770022C7DE /* Project object */;
			proxyType = 1;
			remoteGlobalIDString = 1D5B915B267123770022C7DE;
			remoteInfo = SwiftUIPractice;
		};
		1D5B91792671237B0022C7DE /* PBXContainerItemProxy */ = {
			isa = PBXContainerItemProxy;
			containerPortal = 1D5B9154267123770022C7DE /* Project object */;
			proxyType = 1;
			remoteGlobalIDString = 1D5B915B267123770022C7DE;
			remoteInfo = SwiftUIPractice;
		};
/* End PBXContainerItemProxy section */

/* Begin PBXFileReference section */
		1D5B915C267123770022C7DE /* SwiftUIPractice.app */ = {isa = PBXFileReference; explicitFileType = wrapper.application; includeInIndex = 0; path = SwiftUIPractice.app; sourceTree = BUILT_PRODUCTS_DIR; };
		1D5B915F267123770022C7DE /* SwiftUIPracticeApp.swift */ = {isa = PBXFileReference; lastKnownFileType = sourcecode.swift; path = SwiftUIPracticeApp.swift; sourceTree = "<group>"; };
		1D5B9161267123770022C7DE /* ContentView.swift */ = {isa = PBXFileReference; lastKnownFileType = sourcecode.swift; path = ContentView.swift; sourceTree = "<group>"; };
		1D5B91632671237A0022C7DE /* Assets.xcassets */ = {isa = PBXFileReference; lastKnownFileType = folder.assetcatalog; path = Assets.xcassets; sourceTree = "<group>"; };
		1D5B91662671237A0022C7DE /* Preview Assets.xcassets */ = {isa = PBXFileReference; lastKnownFileType = folder.assetcatalog; path = "Preview Assets.xcassets"; sourceTree = "<group>"; };
		1D5B91682671237A0022C7DE /* Info.plist */ = {isa = PBXFileReference; lastKnownFileType = text.plist.xml; path = Info.plist; sourceTree = "<group>"; };
		1D5B916D2671237B0022C7DE /* SwiftUIPracticeTests.xctest */ = {isa = PBXFileReference; explicitFileType = wrapper.cfbundle; includeInIndex = 0; path = SwiftUIPracticeTests.xctest; sourceTree = BUILT_PRODUCTS_DIR; };
		1D5B91712671237B0022C7DE /* SwiftUIPracticeTests.swift */ = {isa = PBXFileReference; lastKnownFileType = sourcecode.swift; path = SwiftUIPracticeTests.swift; sourceTree = "<group>"; };
		1D5B91732671237B0022C7DE /* Info.plist */ = {isa = PBXFileReference; lastKnownFileType = text.plist.xml; path = Info.plist; sourceTree = "<group>"; };
		1D5B91782671237B0022C7DE /* SwiftUIPracticeUITests.xctest */ = {isa = PBXFileReference; explicitFileType = wrapper.cfbundle; includeInIndex = 0; path = SwiftUIPracticeUITests.xctest; sourceTree = BUILT_PRODUCTS_DIR; };
		1D5B917C2671237B0022C7DE /* SwiftUIPracticeUITests.swift */ = {isa = PBXFileReference; lastKnownFileType = sourcecode.swift; path = SwiftUIPracticeUITests.swift; sourceTree = "<group>"; };
		1D5B917E2671237B0022C7DE /* Info.plist */ = {isa = PBXFileReference; lastKnownFileType = text.plist.xml; path = Info.plist; sourceTree = "<group>"; };
		1D5B918D2671DA2A0022C7DE /* UserListViewModel.swift */ = {isa = PBXFileReference; lastKnownFileType = sourcecode.swift; path = UserListViewModel.swift; sourceTree = "<group>"; };
		1D5B91962672FB5D0022C7DE /* UserListItemView.swift */ = {isa = PBXFileReference; lastKnownFileType = sourcecode.swift; path = UserListItemView.swift; sourceTree = "<group>"; };
		1D5B919A267303650022C7DE /* UserDetailView.swift */ = {isa = PBXFileReference; lastKnownFileType = sourcecode.swift; path = UserDetailView.swift; sourceTree = "<group>"; };
		1D5B919D2673072F0022C7DE /* Users.xcdatamodel */ = {isa = PBXFileReference; lastKnownFileType = wrapper.xcdatamodel; path = Users.xcdatamodel; sourceTree = "<group>"; };
		1D5B91A0267327670022C7DE /* PersistenceController.swift */ = {isa = PBXFileReference; lastKnownFileType = sourcecode.swift; path = PersistenceController.swift; sourceTree = "<group>"; };
		1D5B91A6267335DC0022C7DE /* EntryFormView.swift */ = {isa = PBXFileReference; lastKnownFileType = sourcecode.swift; path = EntryFormView.swift; sourceTree = "<group>"; };
		1D5B91A8267343990022C7DE /* UserEntity+Additions.swift */ = {isa = PBXFileReference; lastKnownFileType = sourcecode.swift; path = "UserEntity+Additions.swift"; sourceTree = "<group>"; };
		1D5B91AA267345570022C7DE /* UserListViewModelTests.swift */ = {isa = PBXFileReference; lastKnownFileType = sourcecode.swift; path = UserListViewModelTests.swift; sourceTree = "<group>"; };
/* End PBXFileReference section */

/* Begin PBXFrameworksBuildPhase section */
		1D5B9159267123770022C7DE /* Frameworks */ = {
			isa = PBXFrameworksBuildPhase;
			buildActionMask = 2147483647;
			files = (
			);
			runOnlyForDeploymentPostprocessing = 0;
		};
		1D5B916A2671237B0022C7DE /* Frameworks */ = {
			isa = PBXFrameworksBuildPhase;
			buildActionMask = 2147483647;
			files = (
			);
			runOnlyForDeploymentPostprocessing = 0;
		};
		1D5B91752671237B0022C7DE /* Frameworks */ = {
			isa = PBXFrameworksBuildPhase;
			buildActionMask = 2147483647;
			files = (
			);
			runOnlyForDeploymentPostprocessing = 0;
		};
/* End PBXFrameworksBuildPhase section */

/* Begin PBXGroup section */
		1D5B9153267123770022C7DE = {
			isa = PBXGroup;
			children = (
				1D5B915E267123770022C7DE /* SwiftUIPractice */,
				1D5B91702671237B0022C7DE /* SwiftUIPracticeTests */,
				1D5B917B2671237B0022C7DE /* SwiftUIPracticeUITests */,
				1D5B915D267123770022C7DE /* Products */,
			);
			sourceTree = "<group>";
		};
		1D5B915D267123770022C7DE /* Products */ = {
			isa = PBXGroup;
			children = (
				1D5B915C267123770022C7DE /* SwiftUIPractice.app */,
				1D5B916D2671237B0022C7DE /* SwiftUIPracticeTests.xctest */,
				1D5B91782671237B0022C7DE /* SwiftUIPracticeUITests.xctest */,
			);
			name = Products;
			sourceTree = "<group>";
		};
		1D5B915E267123770022C7DE /* SwiftUIPractice */ = {
			isa = PBXGroup;
			children = (
				1D5B919F2673073A0022C7DE /* CoreData */,
				1D5B9190267248630022C7DE /* View */,
				1D5B918F267248540022C7DE /* ViewModel */,
				1D5B915F267123770022C7DE /* SwiftUIPracticeApp.swift */,
				1D5B91632671237A0022C7DE /* Assets.xcassets */,
				1D5B91682671237A0022C7DE /* Info.plist */,
				1D5B91652671237A0022C7DE /* Preview Content */,
			);
			path = SwiftUIPractice;
			sourceTree = "<group>";
		};
		1D5B91652671237A0022C7DE /* Preview Content */ = {
			isa = PBXGroup;
			children = (
				1D5B91662671237A0022C7DE /* Preview Assets.xcassets */,
			);
			path = "Preview Content";
			sourceTree = "<group>";
		};
		1D5B91702671237B0022C7DE /* SwiftUIPracticeTests */ = {
			isa = PBXGroup;
			children = (
				1D5B91712671237B0022C7DE /* SwiftUIPracticeTests.swift */,
				1D5B91AA267345570022C7DE /* UserListViewModelTests.swift */,
				1D5B91732671237B0022C7DE /* Info.plist */,
			);
			path = SwiftUIPracticeTests;
			sourceTree = "<group>";
		};
		1D5B917B2671237B0022C7DE /* SwiftUIPracticeUITests */ = {
			isa = PBXGroup;
			children = (
				1D5B917C2671237B0022C7DE /* SwiftUIPracticeUITests.swift */,
				1D5B917E2671237B0022C7DE /* Info.plist */,
			);
			path = SwiftUIPracticeUITests;
			sourceTree = "<group>";
		};
		1D5B918F267248540022C7DE /* ViewModel */ = {
			isa = PBXGroup;
			children = (
				1D5B918D2671DA2A0022C7DE /* UserListViewModel.swift */,
			);
			path = ViewModel;
			sourceTree = "<group>";
		};
		1D5B9190267248630022C7DE /* View */ = {
			isa = PBXGroup;
			children = (
				1D5B9161267123770022C7DE /* ContentView.swift */,
				1D5B91962672FB5D0022C7DE /* UserListItemView.swift */,
				1D5B919A267303650022C7DE /* UserDetailView.swift */,
				1D5B91A6267335DC0022C7DE /* EntryFormView.swift */,
			);
			path = View;
			sourceTree = "<group>";
		};
		1D5B919F2673073A0022C7DE /* CoreData */ = {
			isa = PBXGroup;
			children = (
				1D5B919C2673072F0022C7DE /* Users.xcdatamodeld */,
				1D5B91A0267327670022C7DE /* PersistenceController.swift */,
				1D5B91A8267343990022C7DE /* UserEntity+Additions.swift */,
			);
			path = CoreData;
			sourceTree = "<group>";
		};
/* End PBXGroup section */

/* Begin PBXNativeTarget section */
		1D5B915B267123770022C7DE /* SwiftUIPractice */ = {
			isa = PBXNativeTarget;
			buildConfigurationList = 1D5B91812671237B0022C7DE /* Build configuration list for PBXNativeTarget "SwiftUIPractice" */;
			buildPhases = (
				1D5B9158267123770022C7DE /* Sources */,
				1D5B9159267123770022C7DE /* Frameworks */,
				1D5B915A267123770022C7DE /* Resources */,
			);
			buildRules = (
			);
			dependencies = (
			);
			name = SwiftUIPractice;
			productName = SwiftUIPractice;
			productReference = 1D5B915C267123770022C7DE /* SwiftUIPractice.app */;
			productType = "com.apple.product-type.application";
		};
		1D5B916C2671237B0022C7DE /* SwiftUIPracticeTests */ = {
			isa = PBXNativeTarget;
			buildConfigurationList = 1D5B91842671237B0022C7DE /* Build configuration list for PBXNativeTarget "SwiftUIPracticeTests" */;
			buildPhases = (
				1D5B91692671237B0022C7DE /* Sources */,
				1D5B916A2671237B0022C7DE /* Frameworks */,
				1D5B916B2671237B0022C7DE /* Resources */,
			);
			buildRules = (
			);
			dependencies = (
				1D5B916F2671237B0022C7DE /* PBXTargetDependency */,
			);
			name = SwiftUIPracticeTests;
			productName = SwiftUIPracticeTests;
			productReference = 1D5B916D2671237B0022C7DE /* SwiftUIPracticeTests.xctest */;
			productType = "com.apple.product-type.bundle.unit-test";
		};
		1D5B91772671237B0022C7DE /* SwiftUIPracticeUITests */ = {
			isa = PBXNativeTarget;
			buildConfigurationList = 1D5B91872671237B0022C7DE /* Build configuration list for PBXNativeTarget "SwiftUIPracticeUITests" */;
			buildPhases = (
				1D5B91742671237B0022C7DE /* Sources */,
				1D5B91752671237B0022C7DE /* Frameworks */,
				1D5B91762671237B0022C7DE /* Resources */,
			);
			buildRules = (
			);
			dependencies = (
				1D5B917A2671237B0022C7DE /* PBXTargetDependency */,
			);
			name = SwiftUIPracticeUITests;
			productName = SwiftUIPracticeUITests;
			productReference = 1D5B91782671237B0022C7DE /* SwiftUIPracticeUITests.xctest */;
			productType = "com.apple.product-type.bundle.ui-testing";
		};
/* End PBXNativeTarget section */

/* Begin PBXProject section */
		1D5B9154267123770022C7DE /* Project object */ = {
			isa = PBXProject;
			attributes = {
				LastSwiftUpdateCheck = 1250;
				LastUpgradeCheck = 1250;
				TargetAttributes = {
					1D5B915B267123770022C7DE = {
						CreatedOnToolsVersion = 12.5;
					};
					1D5B916C2671237B0022C7DE = {
						CreatedOnToolsVersion = 12.5;
						TestTargetID = 1D5B915B267123770022C7DE;
					};
					1D5B91772671237B0022C7DE = {
						CreatedOnToolsVersion = 12.5;
						TestTargetID = 1D5B915B267123770022C7DE;
					};
				};
			};
			buildConfigurationList = 1D5B9157267123770022C7DE /* Build configuration list for PBXProject "SwiftUIPractice" */;
			compatibilityVersion = "Xcode 9.3";
			developmentRegion = en;
			hasScannedForEncodings = 0;
			knownRegions = (
				en,
				Base,
			);
			mainGroup = 1D5B9153267123770022C7DE;
			productRefGroup = 1D5B915D267123770022C7DE /* Products */;
			projectDirPath = "";
			projectRoot = "";
			targets = (
				1D5B915B267123770022C7DE /* SwiftUIPractice */,
				1D5B916C2671237B0022C7DE /* SwiftUIPracticeTests */,
				1D5B91772671237B0022C7DE /* SwiftUIPracticeUITests */,
			);
		};
/* End PBXProject section */

/* Begin PBXResourcesBuildPhase section */
		1D5B915A267123770022C7DE /* Resources */ = {
			isa = PBXResourcesBuildPhase;
			buildActionMask = 2147483647;
			files = (
				1D5B91672671237A0022C7DE /* Preview Assets.xcassets in Resources */,
				1D5B91642671237A0022C7DE /* Assets.xcassets in Resources */,
			);
			runOnlyForDeploymentPostprocessing = 0;
		};
		1D5B916B2671237B0022C7DE /* Resources */ = {
			isa = PBXResourcesBuildPhase;
			buildActionMask = 2147483647;
			files = (
			);
			runOnlyForDeploymentPostprocessing = 0;
		};
		1D5B91762671237B0022C7DE /* Resources */ = {
			isa = PBXResourcesBuildPhase;
			buildActionMask = 2147483647;
			files = (
			);
			runOnlyForDeploymentPostprocessing = 0;
		};
/* End PBXResourcesBuildPhase section */

/* Begin PBXSourcesBuildPhase section */
		1D5B9158267123770022C7DE /* Sources */ = {
			isa = PBXSourcesBuildPhase;
			buildActionMask = 2147483647;
			files = (
				1D5B91A1267327670022C7DE /* PersistenceController.swift in Sources */,
				1D5B9162267123770022C7DE /* ContentView.swift in Sources */,
				1D5B91972672FB5D0022C7DE /* UserListItemView.swift in Sources */,
				1D5B918E2671DA2A0022C7DE /* UserListViewModel.swift in Sources */,
				1D5B919E2673072F0022C7DE /* Users.xcdatamodeld in Sources */,
				1D5B919B267303650022C7DE /* UserDetailView.swift in Sources */,
				1D5B91A7267335DC0022C7DE /* EntryFormView.swift in Sources */,
				1D5B9160267123770022C7DE /* SwiftUIPracticeApp.swift in Sources */,
				1D5B91A9267343990022C7DE /* UserEntity+Additions.swift in Sources */,
			);
			runOnlyForDeploymentPostprocessing = 0;
		};
		1D5B91692671237B0022C7DE /* Sources */ = {
			isa = PBXSourcesBuildPhase;
			buildActionMask = 2147483647;
			files = (
				1D5B91722671237B0022C7DE /* SwiftUIPracticeTests.swift in Sources */,
				1D5B91AB267345580022C7DE /* UserListViewModelTests.swift in Sources */,
			);
			runOnlyForDeploymentPostprocessing = 0;
		};
		1D5B91742671237B0022C7DE /* Sources */ = {
			isa = PBXSourcesBuildPhase;
			buildActionMask = 2147483647;
			files = (
				1D5B917D2671237B0022C7DE /* SwiftUIPracticeUITests.swift in Sources */,
			);
			runOnlyForDeploymentPostprocessing = 0;
		};
/* End PBXSourcesBuildPhase section */

/* Begin PBXTargetDependency section */
		1D5B916F2671237B0022C7DE /* PBXTargetDependency */ = {
			isa = PBXTargetDependency;
			target = 1D5B915B267123770022C7DE /* SwiftUIPractice */;
			targetProxy = 1D5B916E2671237B0022C7DE /* PBXContainerItemProxy */;
		};
		1D5B917A2671237B0022C7DE /* PBXTargetDependency */ = {
			isa = PBXTargetDependency;
			target = 1D5B915B267123770022C7DE /* SwiftUIPractice */;
			targetProxy = 1D5B91792671237B0022C7DE /* PBXContainerItemProxy */;
		};
/* End PBXTargetDependency section */

/* Begin XCBuildConfiguration section */
		1D5B917F2671237B0022C7DE /* Debug */ = {
			isa = XCBuildConfiguration;
			buildSettings = {
				ALWAYS_SEARCH_USER_PATHS = NO;
				CLANG_ANALYZER_NONNULL = YES;
				CLANG_ANALYZER_NUMBER_OBJECT_CONVERSION = YES_AGGRESSIVE;
				CLANG_CXX_LANGUAGE_STANDARD = "gnu++14";
				CLANG_CXX_LIBRARY = "libc++";
				CLANG_ENABLE_MODULES = YES;
				CLANG_ENABLE_OBJC_ARC = YES;
				CLANG_ENABLE_OBJC_WEAK = YES;
				CLANG_WARN_BLOCK_CAPTURE_AUTORELEASING = YES;
				CLANG_WARN_BOOL_CONVERSION = YES;
				CLANG_WARN_COMMA = YES;
				CLANG_WARN_CONSTANT_CONVERSION = YES;
				CLANG_WARN_DEPRECATED_OBJC_IMPLEMENTATIONS = YES;
				CLANG_WARN_DIRECT_OBJC_ISA_USAGE = YES_ERROR;
				CLANG_WARN_DOCUMENTATION_COMMENTS = YES;
				CLANG_WARN_EMPTY_BODY = YES;
				CLANG_WARN_ENUM_CONVERSION = YES;
				CLANG_WARN_INFINITE_RECURSION = YES;
				CLANG_WARN_INT_CONVERSION = YES;
				CLANG_WARN_NON_LITERAL_NULL_CONVERSION = YES;
				CLANG_WARN_OBJC_IMPLICIT_RETAIN_SELF = YES;
				CLANG_WARN_OBJC_LITERAL_CONVERSION = YES;
				CLANG_WARN_OBJC_ROOT_CLASS = YES_ERROR;
				CLANG_WARN_QUOTED_INCLUDE_IN_FRAMEWORK_HEADER = YES;
				CLANG_WARN_RANGE_LOOP_ANALYSIS = YES;
				CLANG_WARN_STRICT_PROTOTYPES = YES;
				CLANG_WARN_SUSPICIOUS_MOVE = YES;
				CLANG_WARN_UNGUARDED_AVAILABILITY = YES_AGGRESSIVE;
				CLANG_WARN_UNREACHABLE_CODE = YES;
				CLANG_WARN__DUPLICATE_METHOD_MATCH = YES;
				COPY_PHASE_STRIP = NO;
				DEBUG_INFORMATION_FORMAT = dwarf;
				ENABLE_STRICT_OBJC_MSGSEND = YES;
				ENABLE_TESTABILITY = YES;
				GCC_C_LANGUAGE_STANDARD = gnu11;
				GCC_DYNAMIC_NO_PIC = NO;
				GCC_NO_COMMON_BLOCKS = YES;
				GCC_OPTIMIZATION_LEVEL = 0;
				GCC_PREPROCESSOR_DEFINITIONS = (
					"DEBUG=1",
					"$(inherited)",
				);
				GCC_WARN_64_TO_32_BIT_CONVERSION = YES;
				GCC_WARN_ABOUT_RETURN_TYPE = YES_ERROR;
				GCC_WARN_UNDECLARED_SELECTOR = YES;
				GCC_WARN_UNINITIALIZED_AUTOS = YES_AGGRESSIVE;
				GCC_WARN_UNUSED_FUNCTION = YES;
				GCC_WARN_UNUSED_VARIABLE = YES;
				IPHONEOS_DEPLOYMENT_TARGET = 14.5;
				MTL_ENABLE_DEBUG_INFO = INCLUDE_SOURCE;
				MTL_FAST_MATH = YES;
				ONLY_ACTIVE_ARCH = YES;
				SDKROOT = iphoneos;
				SWIFT_ACTIVE_COMPILATION_CONDITIONS = DEBUG;
				SWIFT_OPTIMIZATION_LEVEL = "-Onone";
			};
			name = Debug;
		};
		1D5B91802671237B0022C7DE /* Release */ = {
			isa = XCBuildConfiguration;
			buildSettings = {
				ALWAYS_SEARCH_USER_PATHS = NO;
				CLANG_ANALYZER_NONNULL = YES;
				CLANG_ANALYZER_NUMBER_OBJECT_CONVERSION = YES_AGGRESSIVE;
				CLANG_CXX_LANGUAGE_STANDARD = "gnu++14";
				CLANG_CXX_LIBRARY = "libc++";
				CLANG_ENABLE_MODULES = YES;
				CLANG_ENABLE_OBJC_ARC = YES;
				CLANG_ENABLE_OBJC_WEAK = YES;
				CLANG_WARN_BLOCK_CAPTURE_AUTORELEASING = YES;
				CLANG_WARN_BOOL_CONVERSION = YES;
				CLANG_WARN_COMMA = YES;
				CLANG_WARN_CONSTANT_CONVERSION = YES;
				CLANG_WARN_DEPRECATED_OBJC_IMPLEMENTATIONS = YES;
				CLANG_WARN_DIRECT_OBJC_ISA_USAGE = YES_ERROR;
				CLANG_WARN_DOCUMENTATION_COMMENTS = YES;
				CLANG_WARN_EMPTY_BODY = YES;
				CLANG_WARN_ENUM_CONVERSION = YES;
				CLANG_WARN_INFINITE_RECURSION = YES;
				CLANG_WARN_INT_CONVERSION = YES;
				CLANG_WARN_NON_LITERAL_NULL_CONVERSION = YES;
				CLANG_WARN_OBJC_IMPLICIT_RETAIN_SELF = YES;
				CLANG_WARN_OBJC_LITERAL_CONVERSION = YES;
				CLANG_WARN_OBJC_ROOT_CLASS = YES_ERROR;
				CLANG_WARN_QUOTED_INCLUDE_IN_FRAMEWORK_HEADER = YES;
				CLANG_WARN_RANGE_LOOP_ANALYSIS = YES;
				CLANG_WARN_STRICT_PROTOTYPES = YES;
				CLANG_WARN_SUSPICIOUS_MOVE = YES;
				CLANG_WARN_UNGUARDED_AVAILABILITY = YES_AGGRESSIVE;
				CLANG_WARN_UNREACHABLE_CODE = YES;
				CLANG_WARN__DUPLICATE_METHOD_MATCH = YES;
				COPY_PHASE_STRIP = NO;
				DEBUG_INFORMATION_FORMAT = "dwarf-with-dsym";
				ENABLE_NS_ASSERTIONS = NO;
				ENABLE_STRICT_OBJC_MSGSEND = YES;
				GCC_C_LANGUAGE_STANDARD = gnu11;
				GCC_NO_COMMON_BLOCKS = YES;
				GCC_WARN_64_TO_32_BIT_CONVERSION = YES;
				GCC_WARN_ABOUT_RETURN_TYPE = YES_ERROR;
				GCC_WARN_UNDECLARED_SELECTOR = YES;
				GCC_WARN_UNINITIALIZED_AUTOS = YES_AGGRESSIVE;
				GCC_WARN_UNUSED_FUNCTION = YES;
				GCC_WARN_UNUSED_VARIABLE = YES;
				IPHONEOS_DEPLOYMENT_TARGET = 14.5;
				MTL_ENABLE_DEBUG_INFO = NO;
				MTL_FAST_MATH = YES;
				SDKROOT = iphoneos;
				SWIFT_COMPILATION_MODE = wholemodule;
				SWIFT_OPTIMIZATION_LEVEL = "-O";
				VALIDATE_PRODUCT = YES;
			};
			name = Release;
		};
		1D5B91822671237B0022C7DE /* Debug */ = {
			isa = XCBuildConfiguration;
			buildSettings = {
				ASSETCATALOG_COMPILER_APPICON_NAME = AppIcon;
				ASSETCATALOG_COMPILER_GLOBAL_ACCENT_COLOR_NAME = AccentColor;
				CODE_SIGN_STYLE = Automatic;
				DEVELOPMENT_ASSET_PATHS = "\"SwiftUIPractice/Preview Content\"";
				ENABLE_PREVIEWS = YES;
				INFOPLIST_FILE = SwiftUIPractice/Info.plist;
				IPHONEOS_DEPLOYMENT_TARGET = 14.0;
				LD_RUNPATH_SEARCH_PATHS = (
					"$(inherited)",
					"@executable_path/Frameworks",
				);
				PRODUCT_BUNDLE_IDENTIFIER = com.padmajau.SwiftUIPractice;
				PRODUCT_NAME = "$(TARGET_NAME)";
				SWIFT_VERSION = 5.0;
				TARGETED_DEVICE_FAMILY = "1,2";
			};
			name = Debug;
		};
		1D5B91832671237B0022C7DE /* Release */ = {
			isa = XCBuildConfiguration;
			buildSettings = {
				ASSETCATALOG_COMPILER_APPICON_NAME = AppIcon;
				ASSETCATALOG_COMPILER_GLOBAL_ACCENT_COLOR_NAME = AccentColor;
				CODE_SIGN_STYLE = Automatic;
				DEVELOPMENT_ASSET_PATHS = "\"SwiftUIPractice/Preview Content\"";
				ENABLE_PREVIEWS = YES;
				INFOPLIST_FILE = SwiftUIPractice/Info.plist;
				IPHONEOS_DEPLOYMENT_TARGET = 14.0;
				LD_RUNPATH_SEARCH_PATHS = (
					"$(inherited)",
					"@executable_path/Frameworks",
				);
				PRODUCT_BUNDLE_IDENTIFIER = com.padmajau.SwiftUIPractice;
				PRODUCT_NAME = "$(TARGET_NAME)";
				SWIFT_VERSION = 5.0;
				TARGETED_DEVICE_FAMILY = "1,2";
			};
			name = Release;
		};
		1D5B91852671237B0022C7DE /* Debug */ = {
			isa = XCBuildConfiguration;
			buildSettings = {
				ALWAYS_EMBED_SWIFT_STANDARD_LIBRARIES = YES;
				BUNDLE_LOADER = "$(TEST_HOST)";
				CODE_SIGN_STYLE = Automatic;
				INFOPLIST_FILE = SwiftUIPracticeTests/Info.plist;
				IPHONEOS_DEPLOYMENT_TARGET = 14.0;
				LD_RUNPATH_SEARCH_PATHS = (
					"$(inherited)",
					"@executable_path/Frameworks",
					"@loader_path/Frameworks",
				);
				PRODUCT_BUNDLE_IDENTIFIER = com.padmajau.SwiftUIPracticeTests;
				PRODUCT_NAME = "$(TARGET_NAME)";
				SWIFT_VERSION = 5.0;
				TARGETED_DEVICE_FAMILY = "1,2";
				TEST_HOST = "$(BUILT_PRODUCTS_DIR)/SwiftUIPractice.app/SwiftUIPractice";
			};
			name = Debug;
		};
		1D5B91862671237B0022C7DE /* Release */ = {
			isa = XCBuildConfiguration;
			buildSettings = {
				ALWAYS_EMBED_SWIFT_STANDARD_LIBRARIES = YES;
				BUNDLE_LOADER = "$(TEST_HOST)";
				CODE_SIGN_STYLE = Automatic;
				INFOPLIST_FILE = SwiftUIPracticeTests/Info.plist;
				IPHONEOS_DEPLOYMENT_TARGET = 14.0;
				LD_RUNPATH_SEARCH_PATHS = (
					"$(inherited)",
					"@executable_path/Frameworks",
					"@loader_path/Frameworks",
				);
				PRODUCT_BUNDLE_IDENTIFIER = com.padmajau.SwiftUIPracticeTests;
				PRODUCT_NAME = "$(TARGET_NAME)";
				SWIFT_VERSION = 5.0;
				TARGETED_DEVICE_FAMILY = "1,2";
				TEST_HOST = "$(BUILT_PRODUCTS_DIR)/SwiftUIPractice.app/SwiftUIPractice";
			};
			name = Release;
		};
		1D5B91882671237B0022C7DE /* Debug */ = {
			isa = XCBuildConfiguration;
			buildSettings = {
				ALWAYS_EMBED_SWIFT_STANDARD_LIBRARIES = YES;
				CODE_SIGN_STYLE = Automatic;
				INFOPLIST_FILE = SwiftUIPracticeUITests/Info.plist;
				LD_RUNPATH_SEARCH_PATHS = (
					"$(inherited)",
					"@executable_path/Frameworks",
					"@loader_path/Frameworks",
				);
				PRODUCT_BUNDLE_IDENTIFIER = com.padmajau.SwiftUIPracticeUITests;
				PRODUCT_NAME = "$(TARGET_NAME)";
				SWIFT_VERSION = 5.0;
				TARGETED_DEVICE_FAMILY = "1,2";
				TEST_TARGET_NAME = SwiftUIPractice;
			};
			name = Debug;
		};
		1D5B91892671237B0022C7DE /* Release */ = {
			isa = XCBuildConfiguration;
			buildSettings = {
				ALWAYS_EMBED_SWIFT_STANDARD_LIBRARIES = YES;
				CODE_SIGN_STYLE = Automatic;
				INFOPLIST_FILE = SwiftUIPracticeUITests/Info.plist;
				LD_RUNPATH_SEARCH_PATHS = (
					"$(inherited)",
					"@executable_path/Frameworks",
					"@loader_path/Frameworks",
				);
				PRODUCT_BUNDLE_IDENTIFIER = com.padmajau.SwiftUIPracticeUITests;
				PRODUCT_NAME = "$(TARGET_NAME)";
				SWIFT_VERSION = 5.0;
				TARGETED_DEVICE_FAMILY = "1,2";
				TEST_TARGET_NAME = SwiftUIPractice;
			};
			name = Release;
		};
/* End XCBuildConfiguration section */

/* Begin XCConfigurationList section */
		1D5B9157267123770022C7DE /* Build configuration list for PBXProject "SwiftUIPractice" */ = {
			isa = XCConfigurationList;
			buildConfigurations = (
				1D5B917F2671237B0022C7DE /* Debug */,
				1D5B91802671237B0022C7DE /* Release */,
			);
			defaultConfigurationIsVisible = 0;
			defaultConfigurationName = Release;
		};
		1D5B91812671237B0022C7DE /* Build configuration list for PBXNativeTarget "SwiftUIPractice" */ = {
			isa = XCConfigurationList;
			buildConfigurations = (
				1D5B91822671237B0022C7DE /* Debug */,
				1D5B91832671237B0022C7DE /* Release */,
			);
			defaultConfigurationIsVisible = 0;
			defaultConfigurationName = Release;
		};
		1D5B91842671237B0022C7DE /* Build configuration list for PBXNativeTarget "SwiftUIPracticeTests" */ = {
			isa = XCConfigurationList;
			buildConfigurations = (
				1D5B91852671237B0022C7DE /* Debug */,
				1D5B91862671237B0022C7DE /* Release */,
			);
			defaultConfigurationIsVisible = 0;
			defaultConfigurationName = Release;
		};
		1D5B91872671237B0022C7DE /* Build configuration list for PBXNativeTarget "SwiftUIPracticeUITests" */ = {
			isa = XCConfigurationList;
			buildConfigurations = (
				1D5B91882671237B0022C7DE /* Debug */,
				1D5B91892671237B0022C7DE /* Release */,
			);
			defaultConfigurationIsVisible = 0;
			defaultConfigurationName = Release;
		};
/* End XCConfigurationList section */

/* Begin XCVersionGroup section */
		1D5B919C2673072F0022C7DE /* Users.xcdatamodeld */ = {
			isa = XCVersionGroup;
			children = (
				1D5B919D2673072F0022C7DE /* Users.xcdatamodel */,
			);
			currentVersion = 1D5B919D2673072F0022C7DE /* Users.xcdatamodel */;
			path = Users.xcdatamodeld;
			sourceTree = "<group>";
			versionGroupType = wrapper.xcdatamodel;
		};
/* End XCVersionGroup section */
	};
	rootObject = 1D5B9154267123770022C7DE /* Project object */;
}
